// !$*UTF8*$!
{
	archiveVersion = 1;
	classes = {
	};
	objectVersion = 55;
	objects = {

/* Begin PBXBuildFile section */
		B48207C82805C6B800A3BD8E /* AppDelegate.swift in Sources */ = {isa = PBXBuildFile; fileRef = B48207C72805C6B800A3BD8E /* AppDelegate.swift */; };
		B48207CA2805C6B800A3BD8E /* SceneDelegate.swift in Sources */ = {isa = PBXBuildFile; fileRef = B48207C92805C6B800A3BD8E /* SceneDelegate.swift */; };
		B48207CC2805C6B800A3BD8E /* ViewController.swift in Sources */ = {isa = PBXBuildFile; fileRef = B48207CB2805C6B800A3BD8E /* ViewController.swift */; };
		B48207CF2805C6B800A3BD8E /* Main.storyboard in Resources */ = {isa = PBXBuildFile; fileRef = B48207CD2805C6B800A3BD8E /* Main.storyboard */; };
		B48207D12805C6B900A3BD8E /* Assets.xcassets in Resources */ = {isa = PBXBuildFile; fileRef = B48207D02805C6B900A3BD8E /* Assets.xcassets */; };
		B48207D42805C6B900A3BD8E /* LaunchScreen.storyboard in Resources */ = {isa = PBXBuildFile; fileRef = B48207D22805C6B900A3BD8E /* LaunchScreen.storyboard */; };
		B48207DF2805C6BA00A3BD8E /* MovieCollectionViewAppTests.swift in Sources */ = {isa = PBXBuildFile; fileRef = B48207DE2805C6BA00A3BD8E /* MovieCollectionViewAppTests.swift */; };
		B48207E92805C6BA00A3BD8E /* MovieCollectionViewAppUITests.swift in Sources */ = {isa = PBXBuildFile; fileRef = B48207E82805C6BA00A3BD8E /* MovieCollectionViewAppUITests.swift */; };
		B48207EB2805C6BA00A3BD8E /* MovieCollectionViewAppUITestsLaunchTests.swift in Sources */ = {isa = PBXBuildFile; fileRef = B48207EA2805C6BA00A3BD8E /* MovieCollectionViewAppUITestsLaunchTests.swift */; };
		B48207F82805CB8F00A3BD8E /* Movie.swift in Sources */ = {isa = PBXBuildFile; fileRef = B48207F72805CB8F00A3BD8E /* Movie.swift */; };
		B48207FA2805CC3000A3BD8E /* MovieCollectionViewCell.swift in Sources */ = {isa = PBXBuildFile; fileRef = B48207F92805CC3000A3BD8E /* MovieCollectionViewCell.swift */; };
/* End PBXBuildFile section */

/* Begin PBXContainerItemProxy section */
		B48207DB2805C6BA00A3BD8E /* PBXContainerItemProxy */ = {
			isa = PBXContainerItemProxy;
			containerPortal = B48207BC2805C6B800A3BD8E /* Project object */;
			proxyType = 1;
			remoteGlobalIDString = B48207C32805C6B800A3BD8E;
			remoteInfo = MovieCollectionViewApp;
		};
		B48207E52805C6BA00A3BD8E /* PBXContainerItemProxy */ = {
			isa = PBXContainerItemProxy;
			containerPortal = B48207BC2805C6B800A3BD8E /* Project object */;
			proxyType = 1;
			remoteGlobalIDString = B48207C32805C6B800A3BD8E;
			remoteInfo = MovieCollectionViewApp;
		};
/* End PBXContainerItemProxy section */

/* Begin PBXFileReference section */
		B48207C42805C6B800A3BD8E /* MovieCollectionViewApp.app */ = {isa = PBXFileReference; explicitFileType = wrapper.application; includeInIndex = 0; path = MovieCollectionViewApp.app; sourceTree = BUILT_PRODUCTS_DIR; };
		B48207C72805C6B800A3BD8E /* AppDelegate.swift */ = {isa = PBXFileReference; lastKnownFileType = sourcecode.swift; path = AppDelegate.swift; sourceTree = "<group>"; };
		B48207C92805C6B800A3BD8E /* SceneDelegate.swift */ = {isa = PBXFileReference; lastKnownFileType = sourcecode.swift; path = SceneDelegate.swift; sourceTree = "<group>"; };
		B48207CB2805C6B800A3BD8E /* ViewController.swift */ = {isa = PBXFileReference; lastKnownFileType = sourcecode.swift; path = ViewController.swift; sourceTree = "<group>"; };
		B48207CE2805C6B800A3BD8E /* Base */ = {isa = PBXFileReference; lastKnownFileType = file.storyboard; name = Base; path = Base.lproj/Main.storyboard; sourceTree = "<group>"; };
		B48207D02805C6B900A3BD8E /* Assets.xcassets */ = {isa = PBXFileReference; lastKnownFileType = folder.assetcatalog; path = Assets.xcassets; sourceTree = "<group>"; };
		B48207D32805C6B900A3BD8E /* Base */ = {isa = PBXFileReference; lastKnownFileType = file.storyboard; name = Base; path = Base.lproj/LaunchScreen.storyboard; sourceTree = "<group>"; };
		B48207D52805C6B900A3BD8E /* Info.plist */ = {isa = PBXFileReference; lastKnownFileType = text.plist.xml; path = Info.plist; sourceTree = "<group>"; };
		B48207DA2805C6BA00A3BD8E /* MovieCollectionViewAppTests.xctest */ = {isa = PBXFileReference; explicitFileType = wrapper.cfbundle; includeInIndex = 0; path = MovieCollectionViewAppTests.xctest; sourceTree = BUILT_PRODUCTS_DIR; };
		B48207DE2805C6BA00A3BD8E /* MovieCollectionViewAppTests.swift */ = {isa = PBXFileReference; lastKnownFileType = sourcecode.swift; path = MovieCollectionViewAppTests.swift; sourceTree = "<group>"; };
		B48207E42805C6BA00A3BD8E /* MovieCollectionViewAppUITests.xctest */ = {isa = PBXFileReference; explicitFileType = wrapper.cfbundle; includeInIndex = 0; path = MovieCollectionViewAppUITests.xctest; sourceTree = BUILT_PRODUCTS_DIR; };
		B48207E82805C6BA00A3BD8E /* MovieCollectionViewAppUITests.swift */ = {isa = PBXFileReference; lastKnownFileType = sourcecode.swift; path = MovieCollectionViewAppUITests.swift; sourceTree = "<group>"; };
		B48207EA2805C6BA00A3BD8E /* MovieCollectionViewAppUITestsLaunchTests.swift */ = {isa = PBXFileReference; lastKnownFileType = sourcecode.swift; path = MovieCollectionViewAppUITestsLaunchTests.swift; sourceTree = "<group>"; };
		B48207F72805CB8F00A3BD8E /* Movie.swift */ = {isa = PBXFileReference; lastKnownFileType = sourcecode.swift; path = Movie.swift; sourceTree = "<group>"; };
		B48207F92805CC3000A3BD8E /* MovieCollectionViewCell.swift */ = {isa = PBXFileReference; lastKnownFileType = sourcecode.swift; path = MovieCollectionViewCell.swift; sourceTree = "<group>"; };
/* End PBXFileReference section */

/* Begin PBXFrameworksBuildPhase section */
		B48207C12805C6B800A3BD8E /* Frameworks */ = {
			isa = PBXFrameworksBuildPhase;
			buildActionMask = 2147483647;
			files = (
			);
			runOnlyForDeploymentPostprocessing = 0;
		};
		B48207D72805C6BA00A3BD8E /* Frameworks */ = {
			isa = PBXFrameworksBuildPhase;
			buildActionMask = 2147483647;
			files = (
			);
			runOnlyForDeploymentPostprocessing = 0;
		};
		B48207E12805C6BA00A3BD8E /* Frameworks */ = {
			isa = PBXFrameworksBuildPhase;
			buildActionMask = 2147483647;
			files = (
			);
			runOnlyForDeploymentPostprocessing = 0;
		};
/* End PBXFrameworksBuildPhase section */

/* Begin PBXGroup section */
		B48207BB2805C6B800A3BD8E = {
			isa = PBXGroup;
			children = (
				B48207C62805C6B800A3BD8E /* MovieCollectionViewApp */,
				B48207DD2805C6BA00A3BD8E /* MovieCollectionViewAppTests */,
				B48207E72805C6BA00A3BD8E /* MovieCollectionViewAppUITests */,
				B48207C52805C6B800A3BD8E /* Products */,
			);
			sourceTree = "<group>";
		};
		B48207C52805C6B800A3BD8E /* Products */ = {
			isa = PBXGroup;
			children = (
				B48207C42805C6B800A3BD8E /* MovieCollectionViewApp.app */,
				B48207DA2805C6BA00A3BD8E /* MovieCollectionViewAppTests.xctest */,
				B48207E42805C6BA00A3BD8E /* MovieCollectionViewAppUITests.xctest */,
			);
			name = Products;
			sourceTree = "<group>";
		};
		B48207C62805C6B800A3BD8E /* MovieCollectionViewApp */ = {
			isa = PBXGroup;
			children = (
				B48207C72805C6B800A3BD8E /* AppDelegate.swift */,
				B48207C92805C6B800A3BD8E /* SceneDelegate.swift */,
				B48207CB2805C6B800A3BD8E /* ViewController.swift */,
				B48207CD2805C6B800A3BD8E /* Main.storyboard */,
				B48207D02805C6B900A3BD8E /* Assets.xcassets */,
				B48207D22805C6B900A3BD8E /* LaunchScreen.storyboard */,
				B48207D52805C6B900A3BD8E /* Info.plist */,
				B48207F72805CB8F00A3BD8E /* Movie.swift */,
				B48207F92805CC3000A3BD8E /* MovieCollectionViewCell.swift */,
			);
			path = MovieCollectionViewApp;
			sourceTree = "<group>";
		};
		B48207DD2805C6BA00A3BD8E /* MovieCollectionViewAppTests */ = {
			isa = PBXGroup;
			children = (
				B48207DE2805C6BA00A3BD8E /* MovieCollectionViewAppTests.swift */,
			);
			path = MovieCollectionViewAppTests;
			sourceTree = "<group>";
		};
		B48207E72805C6BA00A3BD8E /* MovieCollectionViewAppUITests */ = {
			isa = PBXGroup;
			children = (
				B48207E82805C6BA00A3BD8E /* MovieCollectionViewAppUITests.swift */,
				B48207EA2805C6BA00A3BD8E /* MovieCollectionViewAppUITestsLaunchTests.swift */,
			);
			path = MovieCollectionViewAppUITests;
			sourceTree = "<group>";
		};
/* End PBXGroup section */

/* Begin PBXNativeTarget section */
		B48207C32805C6B800A3BD8E /* MovieCollectionViewApp */ = {
			isa = PBXNativeTarget;
			buildConfigurationList = B48207EE2805C6BA00A3BD8E /* Build configuration list for PBXNativeTarget "MovieCollectionViewApp" */;
			buildPhases = (
				B48207C02805C6B800A3BD8E /* Sources */,
				B48207C12805C6B800A3BD8E /* Frameworks */,
				B48207C22805C6B800A3BD8E /* Resources */,
			);
			buildRules = (
			);
			dependencies = (
			);
			name = MovieCollectionViewApp;
			productName = MovieCollectionViewApp;
			productReference = B48207C42805C6B800A3BD8E /* MovieCollectionViewApp.app */;
			productType = "com.apple.product-type.application";
		};
		B48207D92805C6BA00A3BD8E /* MovieCollectionViewAppTests */ = {
			isa = PBXNativeTarget;
			buildConfigurationList = B48207F12805C6BA00A3BD8E /* Build configuration list for PBXNativeTarget "MovieCollectionViewAppTests" */;
			buildPhases = (
				B48207D62805C6BA00A3BD8E /* Sources */,
				B48207D72805C6BA00A3BD8E /* Frameworks */,
				B48207D82805C6BA00A3BD8E /* Resources */,
			);
			buildRules = (
			);
			dependencies = (
				B48207DC2805C6BA00A3BD8E /* PBXTargetDependency */,
			);
			name = MovieCollectionViewAppTests;
			productName = MovieCollectionViewAppTests;
			productReference = B48207DA2805C6BA00A3BD8E /* MovieCollectionViewAppTests.xctest */;
			productType = "com.apple.product-type.bundle.unit-test";
		};
		B48207E32805C6BA00A3BD8E /* MovieCollectionViewAppUITests */ = {
			isa = PBXNativeTarget;
			buildConfigurationList = B48207F42805C6BA00A3BD8E /* Build configuration list for PBXNativeTarget "MovieCollectionViewAppUITests" */;
			buildPhases = (
				B48207E02805C6BA00A3BD8E /* Sources */,
				B48207E12805C6BA00A3BD8E /* Frameworks */,
				B48207E22805C6BA00A3BD8E /* Resources */,
			);
			buildRules = (
			);
			dependencies = (
				B48207E62805C6BA00A3BD8E /* PBXTargetDependency */,
			);
			name = MovieCollectionViewAppUITests;
			productName = MovieCollectionViewAppUITests;
			productReference = B48207E42805C6BA00A3BD8E /* MovieCollectionViewAppUITests.xctest */;
			productType = "com.apple.product-type.bundle.ui-testing";
		};
/* End PBXNativeTarget section */

/* Begin PBXProject section */
		B48207BC2805C6B800A3BD8E /* Project object */ = {
			isa = PBXProject;
			attributes = {
				BuildIndependentTargetsInParallel = 1;
				LastSwiftUpdateCheck = 1320;
				LastUpgradeCheck = 1320;
				TargetAttributes = {
					B48207C32805C6B800A3BD8E = {
						CreatedOnToolsVersion = 13.2.1;
					};
					B48207D92805C6BA00A3BD8E = {
						CreatedOnToolsVersion = 13.2.1;
						TestTargetID = B48207C32805C6B800A3BD8E;
					};
					B48207E32805C6BA00A3BD8E = {
						CreatedOnToolsVersion = 13.2.1;
						TestTargetID = B48207C32805C6B800A3BD8E;
					};
				};
			};
			buildConfigurationList = B48207BF2805C6B800A3BD8E /* Build configuration list for PBXProject "MovieCollectionViewApp" */;
			compatibilityVersion = "Xcode 13.0";
			developmentRegion = en;
			hasScannedForEncodings = 0;
			knownRegions = (
				en,
				Base,
			);
			mainGroup = B48207BB2805C6B800A3BD8E;
			productRefGroup = B48207C52805C6B800A3BD8E /* Products */;
			projectDirPath = "";
			projectRoot = "";
			targets = (
				B48207C32805C6B800A3BD8E /* MovieCollectionViewApp */,
				B48207D92805C6BA00A3BD8E /* MovieCollectionViewAppTests */,
				B48207E32805C6BA00A3BD8E /* MovieCollectionViewAppUITests */,
			);
		};
/* End PBXProject section */

/* Begin PBXResourcesBuildPhase section */
		B48207C22805C6B800A3BD8E /* Resources */ = {
			isa = PBXResourcesBuildPhase;
			buildActionMask = 2147483647;
			files = (
				B48207D42805C6B900A3BD8E /* LaunchScreen.storyboard in Resources */,
				B48207D12805C6B900A3BD8E /* Assets.xcassets in Resources */,
				B48207CF2805C6B800A3BD8E /* Main.storyboard in Resources */,
			);
			runOnlyForDeploymentPostprocessing = 0;
		};
		B48207D82805C6BA00A3BD8E /* Resources */ = {
			isa = PBXResourcesBuildPhase;
			buildActionMask = 2147483647;
			files = (
			);
			runOnlyForDeploymentPostprocessing = 0;
		};
		B48207E22805C6BA00A3BD8E /* Resources */ = {
			isa = PBXResourcesBuildPhase;
			buildActionMask = 2147483647;
			files = (
			);
			runOnlyForDeploymentPostprocessing = 0;
		};
/* End PBXResourcesBuildPhase section */

/* Begin PBXSourcesBuildPhase section */
		B48207C02805C6B800A3BD8E /* Sources */ = {
			isa = PBXSourcesBuildPhase;
			buildActionMask = 2147483647;
			files = (
				B48207CC2805C6B800A3BD8E /* ViewController.swift in Sources */,
				B48207C82805C6B800A3BD8E /* AppDelegate.swift in Sources */,
				B48207FA2805CC3000A3BD8E /* MovieCollectionViewCell.swift in Sources */,
				B48207F82805CB8F00A3BD8E /* Movie.swift in Sources */,
				B48207CA2805C6B800A3BD8E /* SceneDelegate.swift in Sources */,
			);
			runOnlyForDeploymentPostprocessing = 0;
		};
		B48207D62805C6BA00A3BD8E /* Sources */ = {
			isa = PBXSourcesBuildPhase;
			buildActionMask = 2147483647;
			files = (
				B48207DF2805C6BA00A3BD8E /* MovieCollectionViewAppTests.swift in Sources */,
			);
			runOnlyForDeploymentPostprocessing = 0;
		};
		B48207E02805C6BA00A3BD8E /* Sources */ = {
			isa = PBXSourcesBuildPhase;
			buildActionMask = 2147483647;
			files = (
				B48207EB2805C6BA00A3BD8E /* MovieCollectionViewAppUITestsLaunchTests.swift in Sources */,
				B48207E92805C6BA00A3BD8E /* MovieCollectionViewAppUITests.swift in Sources */,
			);
			runOnlyForDeploymentPostprocessing = 0;
		};
/* End PBXSourcesBuildPhase section */

/* Begin PBXTargetDependency section */
		B48207DC2805C6BA00A3BD8E /* PBXTargetDependency */ = {
			isa = PBXTargetDependency;
			target = B48207C32805C6B800A3BD8E /* MovieCollectionViewApp */;
			targetProxy = B48207DB2805C6BA00A3BD8E /* PBXContainerItemProxy */;
		};
		B48207E62805C6BA00A3BD8E /* PBXTargetDependency */ = {
			isa = PBXTargetDependency;
			target = B48207C32805C6B800A3BD8E /* MovieCollectionViewApp */;
			targetProxy = B48207E52805C6BA00A3BD8E /* PBXContainerItemProxy */;
		};
/* End PBXTargetDependency section */

/* Begin PBXVariantGroup section */
		B48207CD2805C6B800A3BD8E /* Main.storyboard */ = {
			isa = PBXVariantGroup;
			children = (
				B48207CE2805C6B800A3BD8E /* Base */,
			);
			name = Main.storyboard;
			sourceTree = "<group>";
		};
		B48207D22805C6B900A3BD8E /* LaunchScreen.storyboard */ = {
			isa = PBXVariantGroup;
			children = (
				B48207D32805C6B900A3BD8E /* Base */,
			);
			name = LaunchScreen.storyboard;
			sourceTree = "<group>";
		};
/* End PBXVariantGroup section */

/* Begin XCBuildConfiguration section */
		B48207EC2805C6BA00A3BD8E /* Debug */ = {
			isa = XCBuildConfiguration;
			buildSettings = {
				ALWAYS_SEARCH_USER_PATHS = NO;
				CLANG_ANALYZER_NONNULL = YES;
				CLANG_ANALYZER_NUMBER_OBJECT_CONVERSION = YES_AGGRESSIVE;
				CLANG_CXX_LANGUAGE_STANDARD = "gnu++17";
				CLANG_CXX_LIBRARY = "libc++";
				CLANG_ENABLE_MODULES = YES;
				CLANG_ENABLE_OBJC_ARC = YES;
				CLANG_ENABLE_OBJC_WEAK = YES;
				CLANG_WARN_BLOCK_CAPTURE_AUTORELEASING = YES;
				CLANG_WARN_BOOL_CONVERSION = YES;
				CLANG_WARN_COMMA = YES;
				CLANG_WARN_CONSTANT_CONVERSION = YES;
				CLANG_WARN_DEPRECATED_OBJC_IMPLEMENTATIONS = YES;
				CLANG_WARN_DIRECT_OBJC_ISA_USAGE = YES_ERROR;
				CLANG_WARN_DOCUMENTATION_COMMENTS = YES;
				CLANG_WARN_EMPTY_BODY = YES;
				CLANG_WARN_ENUM_CONVERSION = YES;
				CLANG_WARN_INFINITE_RECURSION = YES;
				CLANG_WARN_INT_CONVERSION = YES;
				CLANG_WARN_NON_LITERAL_NULL_CONVERSION = YES;
				CLANG_WARN_OBJC_IMPLICIT_RETAIN_SELF = YES;
				CLANG_WARN_OBJC_LITERAL_CONVERSION = YES;
				CLANG_WARN_OBJC_ROOT_CLASS = YES_ERROR;
				CLANG_WARN_QUOTED_INCLUDE_IN_FRAMEWORK_HEADER = YES;
				CLANG_WARN_RANGE_LOOP_ANALYSIS = YES;
				CLANG_WARN_STRICT_PROTOTYPES = YES;
				CLANG_WARN_SUSPICIOUS_MOVE = YES;
				CLANG_WARN_UNGUARDED_AVAILABILITY = YES_AGGRESSIVE;
				CLANG_WARN_UNREACHABLE_CODE = YES;
				CLANG_WARN__DUPLICATE_METHOD_MATCH = YES;
				COPY_PHASE_STRIP = NO;
				DEBUG_INFORMATION_FORMAT = dwarf;
				ENABLE_STRICT_OBJC_MSGSEND = YES;
				ENABLE_TESTABILITY = YES;
				GCC_C_LANGUAGE_STANDARD = gnu11;
				GCC_DYNAMIC_NO_PIC = NO;
				GCC_NO_COMMON_BLOCKS = YES;
				GCC_OPTIMIZATION_LEVEL = 0;
				GCC_PREPROCESSOR_DEFINITIONS = (
					"DEBUG=1",
					"$(inherited)",
				);
				GCC_WARN_64_TO_32_BIT_CONVERSION = YES;
				GCC_WARN_ABOUT_RETURN_TYPE = YES_ERROR;
				GCC_WARN_UNDECLARED_SELECTOR = YES;
				GCC_WARN_UNINITIALIZED_AUTOS = YES_AGGRESSIVE;
				GCC_WARN_UNUSED_FUNCTION = YES;
				GCC_WARN_UNUSED_VARIABLE = YES;
				IPHONEOS_DEPLOYMENT_TARGET = 15.2;
				MTL_ENABLE_DEBUG_INFO = INCLUDE_SOURCE;
				MTL_FAST_MATH = YES;
				ONLY_ACTIVE_ARCH = YES;
				SDKROOT = iphoneos;
				SWIFT_ACTIVE_COMPILATION_CONDITIONS = DEBUG;
				SWIFT_OPTIMIZATION_LEVEL = "-Onone";
			};
			name = Debug;
		};
		B48207ED2805C6BA00A3BD8E /* Release */ = {
			isa = XCBuildConfiguration;
			buildSettings = {
				ALWAYS_SEARCH_USER_PATHS = NO;
				CLANG_ANALYZER_NONNULL = YES;
				CLANG_ANALYZER_NUMBER_OBJECT_CONVERSION = YES_AGGRESSIVE;
				CLANG_CXX_LANGUAGE_STANDARD = "gnu++17";
				CLANG_CXX_LIBRARY = "libc++";
				CLANG_ENABLE_MODULES = YES;
				CLANG_ENABLE_OBJC_ARC = YES;
				CLANG_ENABLE_OBJC_WEAK = YES;
				CLANG_WARN_BLOCK_CAPTURE_AUTORELEASING = YES;
				CLANG_WARN_BOOL_CONVERSION = YES;
				CLANG_WARN_COMMA = YES;
				CLANG_WARN_CONSTANT_CONVERSION = YES;
				CLANG_WARN_DEPRECATED_OBJC_IMPLEMENTATIONS = YES;
				CLANG_WARN_DIRECT_OBJC_ISA_USAGE = YES_ERROR;
				CLANG_WARN_DOCUMENTATION_COMMENTS = YES;
				CLANG_WARN_EMPTY_BODY = YES;
				CLANG_WARN_ENUM_CONVERSION = YES;
				CLANG_WARN_INFINITE_RECURSION = YES;
				CLANG_WARN_INT_CONVERSION = YES;
				CLANG_WARN_NON_LITERAL_NULL_CONVERSION = YES;
				CLANG_WARN_OBJC_IMPLICIT_RETAIN_SELF = YES;
				CLANG_WARN_OBJC_LITERAL_CONVERSION = YES;
				CLANG_WARN_OBJC_ROOT_CLASS = YES_ERROR;
				CLANG_WARN_QUOTED_INCLUDE_IN_FRAMEWORK_HEADER = YES;
				CLANG_WARN_RANGE_LOOP_ANALYSIS = YES;
				CLANG_WARN_STRICT_PROTOTYPES = YES;
				CLANG_WARN_SUSPICIOUS_MOVE = YES;
				CLANG_WARN_UNGUARDED_AVAILABILITY = YES_AGGRESSIVE;
				CLANG_WARN_UNREACHABLE_CODE = YES;
				CLANG_WARN__DUPLICATE_METHOD_MATCH = YES;
				COPY_PHASE_STRIP = NO;
				DEBUG_INFORMATION_FORMAT = "dwarf-with-dsym";
				ENABLE_NS_ASSERTIONS = NO;
				ENABLE_STRICT_OBJC_MSGSEND = YES;
				GCC_C_LANGUAGE_STANDARD = gnu11;
				GCC_NO_COMMON_BLOCKS = YES;
				GCC_WARN_64_TO_32_BIT_CONVERSION = YES;
				GCC_WARN_ABOUT_RETURN_TYPE = YES_ERROR;
				GCC_WARN_UNDECLARED_SELECTOR = YES;
				GCC_WARN_UNINITIALIZED_AUTOS = YES_AGGRESSIVE;
				GCC_WARN_UNUSED_FUNCTION = YES;
				GCC_WARN_UNUSED_VARIABLE = YES;
				IPHONEOS_DEPLOYMENT_TARGET = 15.2;
				MTL_ENABLE_DEBUG_INFO = NO;
				MTL_FAST_MATH = YES;
				SDKROOT = iphoneos;
				SWIFT_COMPILATION_MODE = wholemodule;
				SWIFT_OPTIMIZATION_LEVEL = "-O";
				VALIDATE_PRODUCT = YES;
			};
			name = Release;
		};
		B48207EF2805C6BA00A3BD8E /* Debug */ = {
			isa = XCBuildConfiguration;
			buildSettings = {
				ASSETCATALOG_COMPILER_APPICON_NAME = AppIcon;
				ASSETCATALOG_COMPILER_GLOBAL_ACCENT_COLOR_NAME = AccentColor;
				CODE_SIGN_STYLE = Automatic;
				CURRENT_PROJECT_VERSION = 1;
				GENERATE_INFOPLIST_FILE = YES;
				INFOPLIST_FILE = MovieCollectionViewApp/Info.plist;
				INFOPLIST_KEY_CFBundleDisplayName = MovieCollectionViewApp;
				INFOPLIST_KEY_UIApplicationSupportsIndirectInputEvents = YES;
				INFOPLIST_KEY_UILaunchStoryboardName = LaunchScreen;
				INFOPLIST_KEY_UIMainStoryboardFile = Main;
				INFOPLIST_KEY_UISupportedInterfaceOrientations_iPad = "UIInterfaceOrientationPortrait UIInterfaceOrientationPortraitUpsideDown UIInterfaceOrientationLandscapeLeft UIInterfaceOrientationLandscapeRight";
				INFOPLIST_KEY_UISupportedInterfaceOrientations_iPhone = "UIInterfaceOrientationPortrait UIInterfaceOrientationLandscapeLeft UIInterfaceOrientationLandscapeRight";
				LD_RUNPATH_SEARCH_PATHS = (
					"$(inherited)",
					"@executable_path/Frameworks",
				);
				MARKETING_VERSION = 1.0;
				PRODUCT_BUNDLE_IDENTIFIER = nwmsu.MovieCollectionViewApp;
				PRODUCT_NAME = "$(TARGET_NAME)";
				SWIFT_EMIT_LOC_STRINGS = YES;
				SWIFT_VERSION = 5.0;
				TARGETED_DEVICE_FAMILY = "1,2";
			};
			name = Debug;
		};
		B48207F02805C6BA00A3BD8E /* Release */ = {
			isa = XCBuildConfiguration;
			buildSettings = {
				ASSETCATALOG_COMPILER_APPICON_NAME = AppIcon;
				ASSETCATALOG_COMPILER_GLOBAL_ACCENT_COLOR_NAME = AccentColor;
				CODE_SIGN_STYLE = Automatic;
				CURRENT_PROJECT_VERSION = 1;
				GENERATE_INFOPLIST_FILE = YES;
				INFOPLIST_FILE = MovieCollectionViewApp/Info.plist;
				INFOPLIST_KEY_CFBundleDisplayName = MovieCollectionViewApp;
				INFOPLIST_KEY_UIApplicationSupportsIndirectInputEvents = YES;
				INFOPLIST_KEY_UILaunchStoryboardName = LaunchScreen;
				INFOPLIST_KEY_UIMainStoryboardFile = Main;
				INFOPLIST_KEY_UISupportedInterfaceOrientations_iPad = "UIInterfaceOrientationPortrait UIInterfaceOrientationPortraitUpsideDown UIInterfaceOrientationLandscapeLeft UIInterfaceOrientationLandscapeRight";
				INFOPLIST_KEY_UISupportedInterfaceOrientations_iPhone = "UIInterfaceOrientationPortrait UIInterfaceOrientationLandscapeLeft UIInterfaceOrientationLandscapeRight";
				LD_RUNPATH_SEARCH_PATHS = (
					"$(inherited)",
					"@executable_path/Frameworks",
				);
				MARKETING_VERSION = 1.0;
				PRODUCT_BUNDLE_IDENTIFIER = nwmsu.MovieCollectionViewApp;
				PRODUCT_NAME = "$(TARGET_NAME)";
				SWIFT_EMIT_LOC_STRINGS = YES;
				SWIFT_VERSION = 5.0;
				TARGETED_DEVICE_FAMILY = "1,2";
			};
			name = Release;
		};
		B48207F22805C6BA00A3BD8E /* Debug */ = {
			isa = XCBuildConfiguration;
			buildSettings = {
				ALWAYS_EMBED_SWIFT_STANDARD_LIBRARIES = YES;
				BUNDLE_LOADER = "$(TEST_HOST)";
				CODE_SIGN_STYLE = Automatic;
				CURRENT_PROJECT_VERSION = 1;
				GENERATE_INFOPLIST_FILE = YES;
				IPHONEOS_DEPLOYMENT_TARGET = 15.2;
				MARKETING_VERSION = 1.0;
				PRODUCT_BUNDLE_IDENTIFIER = nwmsu.MovieCollectionViewAppTests;
				PRODUCT_NAME = "$(TARGET_NAME)";
				SWIFT_EMIT_LOC_STRINGS = NO;
				SWIFT_VERSION = 5.0;
				TARGETED_DEVICE_FAMILY = "1,2";
				TEST_HOST = "$(BUILT_PRODUCTS_DIR)/MovieCollectionViewApp.app/MovieCollectionViewApp";
			};
			name = Debug;
		};
		B48207F32805C6BA00A3BD8E /* Release */ = {
			isa = XCBuildConfiguration;
			buildSettings = {
				ALWAYS_EMBED_SWIFT_STANDARD_LIBRARIES = YES;
				BUNDLE_LOADER = "$(TEST_HOST)";
				CODE_SIGN_STYLE = Automatic;
				CURRENT_PROJECT_VERSION = 1;
				GENERATE_INFOPLIST_FILE = YES;
				IPHONEOS_DEPLOYMENT_TARGET = 15.2;
				MARKETING_VERSION = 1.0;
				PRODUCT_BUNDLE_IDENTIFIER = nwmsu.MovieCollectionViewAppTests;
				PRODUCT_NAME = "$(TARGET_NAME)";
				SWIFT_EMIT_LOC_STRINGS = NO;
				SWIFT_VERSION = 5.0;
				TARGETED_DEVICE_FAMILY = "1,2";
				TEST_HOST = "$(BUILT_PRODUCTS_DIR)/MovieCollectionViewApp.app/MovieCollectionViewApp";
			};
			name = Release;
		};
		B48207F52805C6BA00A3BD8E /* Debug */ = {
			isa = XCBuildConfiguration;
			buildSettings = {
				ALWAYS_EMBED_SWIFT_STANDARD_LIBRARIES = YES;
				CODE_SIGN_STYLE = Automatic;
				CURRENT_PROJECT_VERSION = 1;
				GENERATE_INFOPLIST_FILE = YES;
				MARKETING_VERSION = 1.0;
				PRODUCT_BUNDLE_IDENTIFIER = nwmsu.MovieCollectionViewAppUITests;
				PRODUCT_NAME = "$(TARGET_NAME)";
				SWIFT_EMIT_LOC_STRINGS = NO;
				SWIFT_VERSION = 5.0;
				TARGETED_DEVICE_FAMILY = "1,2";
				TEST_TARGET_NAME = MovieCollectionViewApp;
			};
			name = Debug;
		};
		B48207F62805C6BA00A3BD8E /* Release */ = {
			isa = XCBuildConfiguration;
			buildSettings = {
				ALWAYS_EMBED_SWIFT_STANDARD_LIBRARIES = YES;
				CODE_SIGN_STYLE = Automatic;
				CURRENT_PROJECT_VERSION = 1;
				GENERATE_INFOPLIST_FILE = YES;
				MARKETING_VERSION = 1.0;
				PRODUCT_BUNDLE_IDENTIFIER = nwmsu.MovieCollectionViewAppUITests;
				PRODUCT_NAME = "$(TARGET_NAME)";
				SWIFT_EMIT_LOC_STRINGS = NO;
				SWIFT_VERSION = 5.0;
				TARGETED_DEVICE_FAMILY = "1,2";
				TEST_TARGET_NAME = MovieCollectionViewApp;
			};
			name = Release;
		};
/* End XCBuildConfiguration section */

/* Begin XCConfigurationList section */
		B48207BF2805C6B800A3BD8E /* Build configuration list for PBXProject "MovieCollectionViewApp" */ = {
			isa = XCConfigurationList;
			buildConfigurations = (
				B48207EC2805C6BA00A3BD8E /* Debug */,
				B48207ED2805C6BA00A3BD8E /* Release */,
			);
			defaultConfigurationIsVisible = 0;
			defaultConfigurationName = Release;
		};
		B48207EE2805C6BA00A3BD8E /* Build configuration list for PBXNativeTarget "MovieCollectionViewApp" */ = {
			isa = XCConfigurationList;
			buildConfigurations = (
				B48207EF2805C6BA00A3BD8E /* Debug */,
				B48207F02805C6BA00A3BD8E /* Release */,
			);
			defaultConfigurationIsVisible = 0;
			defaultConfigurationName = Release;
		};
		B48207F12805C6BA00A3BD8E /* Build configuration list for PBXNativeTarget "MovieCollectionViewAppTests" */ = {
			isa = XCConfigurationList;
			buildConfigurations = (
				B48207F22805C6BA00A3BD8E /* Debug */,
				B48207F32805C6BA00A3BD8E /* Release */,
			);
			defaultConfigurationIsVisible = 0;
			defaultConfigurationName = Release;
		};
		B48207F42805C6BA00A3BD8E /* Build configuration list for PBXNativeTarget "MovieCollectionViewAppUITests" */ = {
			isa = XCConfigurationList;
			buildConfigurations = (
				B48207F52805C6BA00A3BD8E /* Debug */,
				B48207F62805C6BA00A3BD8E /* Release */,
			);
			defaultConfigurationIsVisible = 0;
			defaultConfigurationName = Release;
		};
/* End XCConfigurationList section */
	};
	rootObject = B48207BC2805C6B800A3BD8E /* Project object */;
}
